
Microsoft Visual Studio Solution File, Format Version 12.00
# Visual Studio Version 17
VisualStudioVersion = 17.5.33530.505
MinimumVisualStudioVersion = 10.0.40219.1
Project("{9A19103F-16F7-4668-BE54-9A1E7A4F7556}") = "Tron.Wallet.Web", "Tron.Wallet.Web.csproj", "{C579747B-63B3-4E93-9DBE-EC1D957DE65C}"
EndProject
Global
	GlobalSection(SolutionConfigurationPlatforms) = preSolution
		Debug|Any CPU = Debug|Any CPU
		Release|Any CPU = Release|Any CPU
	EndGlobalSection
	GlobalSection(ProjectConfigurationPlatforms) = postSolution
		{C579747B-63B3-4E93-9DBE-EC1D957DE65C}.Debug|Any CPU.ActiveCfg = Debug|Any CPU
		{C579747B-63B3-4E93-9DBE-EC1D957DE65C}.Debug|Any CPU.Build.0 = Debug|Any CPU
		{C579747B-63B3-4E93-9DBE-EC1D957DE65C}.Release|Any CPU.ActiveCfg = Release|Any CPU
		{C579747B-63B3-4E93-9DBE-EC1D957DE65C}.Release|Any CPU.Build.0 = Release|Any CPU
	EndGlobalSection
	GlobalSection(SolutionProperties) = preSolution
		HideSolutionNode = FALSE
	EndGlobalSection
	GlobalSection(ExtensibilityGlobals) = postSolution
		SolutionGuid = {FF0AFDA1-D88D-4B14-8FF0-D760EA8F83E7}
	EndGlobalSection
EndGlobal
